
Microsoft Visual Studio Solution File, Format Version 12.00
# Visual Studio Version 17
VisualStudioVersion = 17.7.34018.315
MinimumVisualStudioVersion = 10.0.40219.1
Project("{9A19103F-16F7-4668-BE54-9A1E7A4F7556}") = "DesafioTransferencia", "DesafioTransferencia\DesafioTransferencia.csproj", "{72D64026-E3F4-4E48-AB2F-17607F082955}"
EndProject
Project("{FAE04EC0-301F-11D3-BF4B-00C04F79EFBC}") = "DesafioTransferencia.Tests", "DesafioTransferencia.Tests\DesafioTransferencia.Tests.csproj", "{86904B06-394A-4306-B08C-F31C5864B7E4}"
EndProject
Global
	GlobalSection(SolutionConfigurationPlatforms) = preSolution
		Debug|Any CPU = Debug|Any CPU
		Release|Any CPU = Release|Any CPU
	EndGlobalSection
	GlobalSection(ProjectConfigurationPlatforms) = postSolution
		{72D64026-E3F4-4E48-AB2F-17607F082955}.Debug|Any CPU.ActiveCfg = Debug|Any CPU
		{72D64026-E3F4-4E48-AB2F-17607F082955}.Debug|Any CPU.Build.0 = Debug|Any CPU
		{72D64026-E3F4-4E48-AB2F-17607F082955}.Release|Any CPU.ActiveCfg = Release|Any CPU
		{72D64026-E3F4-4E48-AB2F-17607F082955}.Release|Any CPU.Build.0 = Release|Any CPU
		{86904B06-394A-4306-B08C-F31C5864B7E4}.Debug|Any CPU.ActiveCfg = Debug|Any CPU
		{86904B06-394A-4306-B08C-F31C5864B7E4}.Debug|Any CPU.Build.0 = Debug|Any CPU
		{86904B06-394A-4306-B08C-F31C5864B7E4}.Release|Any CPU.ActiveCfg = Release|Any CPU
		{86904B06-394A-4306-B08C-F31C5864B7E4}.Release|Any CPU.Build.0 = Release|Any CPU
	EndGlobalSection
	GlobalSection(SolutionProperties) = preSolution
		HideSolutionNode = FALSE
	EndGlobalSection
	GlobalSection(ExtensibilityGlobals) = postSolution
		SolutionGuid = {0BACBB77-97F0-41B2-B0B0-07407C50CB30}
	EndGlobalSection
EndGlobal
